
Microsoft Visual Studio Solution File, Format Version 12.00
# Visual Studio Version 17
VisualStudioVersion = 17.7.34009.444
MinimumVisualStudioVersion = 10.0.40219.1
Project("{FAE04EC0-301F-11D3-BF4B-00C04F79EFBC}") = "HomeApp.UWP", "HomeApp\HomeApp.UWP\HomeApp.UWP.csproj", "{3E711612-A25E-4B3E-9661-58DE57DD8F6D}"
EndProject
Project("{FAE04EC0-301F-11D3-BF4B-00C04F79EFBC}") = "HomeApp.Android", "HomeApp\HomeApp.Android\HomeApp.Android.csproj", "{31042E1A-3467-4865-963F-97AEC2356E80}"
EndProject
Project("{FAE04EC0-301F-11D3-BF4B-00C04F79EFBC}") = "HomeApp.iOS", "HomeApp\HomeApp.iOS\HomeApp.iOS.csproj", "{69209AB9-A833-4DE1-87F3-F07979BBAED4}"
EndProject
Project("{9A19103F-16F7-4668-BE54-9A1E7A4F7556}") = "HomeApp", "HomeApp\HomeApp\HomeApp.csproj", "{AEC5B1CA-91DA-419E-AA48-8F51CC2F4F6C}"
EndProject
Global
	GlobalSection(SolutionConfigurationPlatforms) = preSolution
		Debug|Any CPU = Debug|Any CPU
		Debug|ARM = Debug|ARM
		Debug|iPhone = Debug|iPhone
		Debug|iPhoneSimulator = Debug|iPhoneSimulator
		Debug|x64 = Debug|x64
		Debug|x86 = Debug|x86
		Release|Any CPU = Release|Any CPU
		Release|ARM = Release|ARM
		Release|iPhone = Release|iPhone
		Release|iPhoneSimulator = Release|iPhoneSimulator
		Release|x64 = Release|x64
		Release|x86 = Release|x86
	EndGlobalSection
	GlobalSection(ProjectConfigurationPlatforms) = postSolution
		{3E711612-A25E-4B3E-9661-58DE57DD8F6D}.Debug|Any CPU.ActiveCfg = Debug|x64
		{3E711612-A25E-4B3E-9661-58DE57DD8F6D}.Debug|Any CPU.Build.0 = Debug|x64
		{3E711612-A25E-4B3E-9661-58DE57DD8F6D}.Debug|Any CPU.Deploy.0 = Debug|x64
		{3E711612-A25E-4B3E-9661-58DE57DD8F6D}.Debug|ARM.ActiveCfg = Debug|ARM
		{3E711612-A25E-4B3E-9661-58DE57DD8F6D}.Debug|ARM.Build.0 = Debug|ARM
		{3E711612-A25E-4B3E-9661-58DE57DD8F6D}.Debug|ARM.Deploy.0 = Debug|ARM
		{3E711612-A25E-4B3E-9661-58DE57DD8F6D}.Debug|iPhone.ActiveCfg = Debug|x64
		{3E711612-A25E-4B3E-9661-58DE57DD8F6D}.Debug|iPhone.Build.0 = Debug|x64
		{3E711612-A25E-4B3E-9661-58DE57DD8F6D}.Debug|iPhone.Deploy.0 = Debug|x64
		{3E711612-A25E-4B3E-9661-58DE57DD8F6D}.Debug|iPhoneSimulator.ActiveCfg = Debug|x64
		{3E711612-A25E-4B3E-9661-58DE57DD8F6D}.Debug|iPhoneSimulator.Build.0 = Debug|x64
		{3E711612-A25E-4B3E-9661-58DE57DD8F6D}.Debug|iPhoneSimulator.Deploy.0 = Debug|x64
		{3E711612-A25E-4B3E-9661-58DE57DD8F6D}.Debug|x64.ActiveCfg = Debug|x64
		{3E711612-A25E-4B3E-9661-58DE57DD8F6D}.Debug|x64.Build.0 = Debug|x64
		{3E711612-A25E-4B3E-9661-58DE57DD8F6D}.Debug|x64.Deploy.0 = Debug|x64
		{3E711612-A25E-4B3E-9661-58DE57DD8F6D}.Debug|x86.ActiveCfg = Debug|x86
		{3E711612-A25E-4B3E-9661-58DE57DD8F6D}.Debug|x86.Build.0 = Debug|x86
		{3E711612-A25E-4B3E-9661-58DE57DD8F6D}.Debug|x86.Deploy.0 = Debug|x86
		{3E711612-A25E-4B3E-9661-58DE57DD8F6D}.Release|Any CPU.ActiveCfg = Release|x64
		{3E711612-A25E-4B3E-9661-58DE57DD8F6D}.Release|Any CPU.Build.0 = Release|x64
		{3E711612-A25E-4B3E-9661-58DE57DD8F6D}.Release|Any CPU.Deploy.0 = Release|x64
		{3E711612-A25E-4B3E-9661-58DE57DD8F6D}.Release|ARM.ActiveCfg = Release|ARM
		{3E711612-A25E-4B3E-9661-58DE57DD8F6D}.Release|ARM.Build.0 = Release|ARM
		{3E711612-A25E-4B3E-9661-58DE57DD8F6D}.Release|ARM.Deploy.0 = Release|ARM
		{3E711612-A25E-4B3E-9661-58DE57DD8F6D}.Release|iPhone.ActiveCfg = Release|x64
		{3E711612-A25E-4B3E-9661-58DE57DD8F6D}.Release|iPhone.Build.0 = Release|x64
		{3E711612-A25E-4B3E-9661-58DE57DD8F6D}.Release|iPhone.Deploy.0 = Release|x64
		{3E711612-A25E-4B3E-9661-58DE57DD8F6D}.Release|iPhoneSimulator.ActiveCfg = Release|x64
		{3E711612-A25E-4B3E-9661-58DE57DD8F6D}.Release|iPhoneSimulator.Build.0 = Release|x64
		{3E711612-A25E-4B3E-9661-58DE57DD8F6D}.Release|iPhoneSimulator.Deploy.0 = Release|x64
		{3E711612-A25E-4B3E-9661-58DE57DD8F6D}.Release|x64.ActiveCfg = Release|x64
		{3E711612-A25E-4B3E-9661-58DE57DD8F6D}.Release|x64.Build.0 = Release|x64
		{3E711612-A25E-4B3E-9661-58DE57DD8F6D}.Release|x64.Deploy.0 = Release|x64
		{3E711612-A25E-4B3E-9661-58DE57DD8F6D}.Release|x86.ActiveCfg = Release|x86
		{3E711612-A25E-4B3E-9661-58DE57DD8F6D}.Release|x86.Build.0 = Release|x86
		{3E711612-A25E-4B3E-9661-58DE57DD8F6D}.Release|x86.Deploy.0 = Release|x86
		{31042E1A-3467-4865-963F-97AEC2356E80}.Debug|Any CPU.ActiveCfg = Debug|Any CPU
		{31042E1A-3467-4865-963F-97AEC2356E80}.Debug|Any CPU.Build.0 = Debug|Any CPU
		{31042E1A-3467-4865-963F-97AEC2356E80}.Debug|Any CPU.Deploy.0 = Debug|Any CPU
		{31042E1A-3467-4865-963F-97AEC2356E80}.Debug|ARM.ActiveCfg = Debug|Any CPU
		{31042E1A-3467-4865-963F-97AEC2356E80}.Debug|ARM.Build.0 = Debug|Any CPU
		{31042E1A-3467-4865-963F-97AEC2356E80}.Debug|ARM.Deploy.0 = Debug|Any CPU
		{31042E1A-3467-4865-963F-97AEC2356E80}.Debug|iPhone.ActiveCfg = Debug|Any CPU
		{31042E1A-3467-4865-963F-97AEC2356E80}.Debug|iPhone.Build.0 = Debug|Any CPU
		{31042E1A-3467-4865-963F-97AEC2356E80}.Debug|iPhone.Deploy.0 = Debug|Any CPU
		{31042E1A-3467-4865-963F-97AEC2356E80}.Debug|iPhoneSimulator.ActiveCfg = Debug|Any CPU
		{31042E1A-3467-4865-963F-97AEC2356E80}.Debug|iPhoneSimulator.Build.0 = Debug|Any CPU
		{31042E1A-3467-4865-963F-97AEC2356E80}.Debug|iPhoneSimulator.Deploy.0 = Debug|Any CPU
		{31042E1A-3467-4865-963F-97AEC2356E80}.Debug|x64.ActiveCfg = Debug|Any CPU
		{31042E1A-3467-4865-963F-97AEC2356E80}.Debug|x64.Build.0 = Debug|Any CPU
		{31042E1A-3467-4865-963F-97AEC2356E80}.Debug|x64.Deploy.0 = Debug|Any CPU
		{31042E1A-3467-4865-963F-97AEC2356E80}.Debug|x86.ActiveCfg = Debug|Any CPU
		{31042E1A-3467-4865-963F-97AEC2356E80}.Debug|x86.Build.0 = Debug|Any CPU
		{31042E1A-3467-4865-963F-97AEC2356E80}.Debug|x86.Deploy.0 = Debug|Any CPU
		{31042E1A-3467-4865-963F-97AEC2356E80}.Release|Any CPU.ActiveCfg = Release|Any CPU
		{31042E1A-3467-4865-963F-97AEC2356E80}.Release|Any CPU.Build.0 = Release|Any CPU
		{31042E1A-3467-4865-963F-97AEC2356E80}.Release|Any CPU.Deploy.0 = Release|Any CPU
		{31042E1A-3467-4865-963F-97AEC2356E80}.Release|ARM.ActiveCfg = Release|Any CPU
		{31042E1A-3467-4865-963F-97AEC2356E80}.Release|ARM.Build.0 = Release|Any CPU
		{31042E1A-3467-4865-963F-97AEC2356E80}.Release|ARM.Deploy.0 = Release|Any CPU
		{31042E1A-3467-4865-963F-97AEC2356E80}.Release|iPhone.ActiveCfg = Release|Any CPU
		{31042E1A-3467-4865-963F-97AEC2356E80}.Release|iPhone.Build.0 = Release|Any CPU
		{31042E1A-3467-4865-963F-97AEC2356E80}.Release|iPhone.Deploy.0 = Release|Any CPU
		{31042E1A-3467-4865-963F-97AEC2356E80}.Release|iPhoneSimulator.ActiveCfg = Release|Any CPU
		{31042E1A-3467-4865-963F-97AEC2356E80}.Release|iPhoneSimulator.Build.0 = Release|Any CPU
		{31042E1A-3467-4865-963F-97AEC2356E80}.Release|iPhoneSimulator.Deploy.0 = Release|Any CPU
		{31042E1A-3467-4865-963F-97AEC2356E80}.Release|x64.ActiveCfg = Release|Any CPU
		{31042E1A-3467-4865-963F-97AEC2356E80}.Release|x64.Build.0 = Release|Any CPU
		{31042E1A-3467-4865-963F-97AEC2356E80}.Release|x64.Deploy.0 = Release|Any CPU
		{31042E1A-3467-4865-963F-97AEC2356E80}.Release|x86.ActiveCfg = Release|Any CPU
		{31042E1A-3467-4865-963F-97AEC2356E80}.Release|x86.Build.0 = Release|Any CPU
		{31042E1A-3467-4865-963F-97AEC2356E80}.Release|x86.Deploy.0 = Release|Any CPU
		{69209AB9-A833-4DE1-87F3-F07979BBAED4}.Debug|Any CPU.ActiveCfg = Debug|iPhoneSimulator
		{69209AB9-A833-4DE1-87F3-F07979BBAED4}.Debug|Any CPU.Build.0 = Debug|iPhoneSimulator
		{69209AB9-A833-4DE1-87F3-F07979BBAED4}.Debug|Any CPU.Deploy.0 = Debug|iPhoneSimulator
		{69209AB9-A833-4DE1-87F3-F07979BBAED4}.Debug|ARM.ActiveCfg = Debug|iPhoneSimulator
		{69209AB9-A833-4DE1-87F3-F07979BBAED4}.Debug|ARM.Build.0 = Debug|iPhoneSimulator
		{69209AB9-A833-4DE1-87F3-F07979BBAED4}.Debug|ARM.Deploy.0 = Debug|iPhoneSimulator
		{69209AB9-A833-4DE1-87F3-F07979BBAED4}.Debug|iPhone.ActiveCfg = Debug|iPhone
		{69209AB9-A833-4DE1-87F3-F07979BBAED4}.Debug|iPhone.Build.0 = Debug|iPhone
		{69209AB9-A833-4DE1-87F3-F07979BBAED4}.Debug|iPhone.Deploy.0 = Debug|iPhone
		{69209AB9-A833-4DE1-87F3-F07979BBAED4}.Debug|iPhoneSimulator.ActiveCfg = Debug|iPhoneSimulator
		{69209AB9-A833-4DE1-87F3-F07979BBAED4}.Debug|iPhoneSimulator.Build.0 = Debug|iPhoneSimulator
		{69209AB9-A833-4DE1-87F3-F07979BBAED4}.Debug|iPhoneSimulator.Deploy.0 = Debug|iPhoneSimulator
		{69209AB9-A833-4DE1-87F3-F07979BBAED4}.Debug|x64.ActiveCfg = Debug|iPhone
		{69209AB9-A833-4DE1-87F3-F07979BBAED4}.Debug|x64.Build.0 = Debug|iPhone
		{69209AB9-A833-4DE1-87F3-F07979BBAED4}.Debug|x64.Deploy.0 = Debug|iPhone
		{69209AB9-A833-4DE1-87F3-F07979BBAED4}.Debug|x86.ActiveCfg = Debug|iPhoneSimulator
		{69209AB9-A833-4DE1-87F3-F07979BBAED4}.Debug|x86.Build.0 = Debug|iPhoneSimulator
		{69209AB9-A833-4DE1-87F3-F07979BBAED4}.Debug|x86.Deploy.0 = Debug|iPhoneSimulator
		{69209AB9-A833-4DE1-87F3-F07979BBAED4}.Release|Any CPU.ActiveCfg = Release|iPhoneSimulator
		{69209AB9-A833-4DE1-87F3-F07979BBAED4}.Release|Any CPU.Build.0 = Release|iPhoneSimulator
		{69209AB9-A833-4DE1-87F3-F07979BBAED4}.Release|Any CPU.Deploy.0 = Release|iPhoneSimulator
		{69209AB9-A833-4DE1-87F3-F07979BBAED4}.Release|ARM.ActiveCfg = Release|iPhoneSimulator
		{69209AB9-A833-4DE1-87F3-F07979BBAED4}.Release|ARM.Build.0 = Release|iPhoneSimulator
		{69209AB9-A833-4DE1-87F3-F07979BBAED4}.Release|ARM.Deploy.0 = Release|iPhoneSimulator
		{69209AB9-A833-4DE1-87F3-F07979BBAED4}.Release|iPhone.ActiveCfg = Release|iPhone
		{69209AB9-A833-4DE1-87F3-F07979BBAED4}.Release|iPhone.Build.0 = Release|iPhone
		{69209AB9-A833-4DE1-87F3-F07979BBAED4}.Release|iPhone.Deploy.0 = Release|iPhone
		{69209AB9-A833-4DE1-87F3-F07979BBAED4}.Release|iPhoneSimulator.ActiveCfg = Release|iPhoneSimulator
		{69209AB9-A833-4DE1-87F3-F07979BBAED4}.Release|iPhoneSimulator.Build.0 = Release|iPhoneSimulator
		{69209AB9-A833-4DE1-87F3-F07979BBAED4}.Release|iPhoneSimulator.Deploy.0 = Release|iPhoneSimulator
		{69209AB9-A833-4DE1-87F3-F07979BBAED4}.Release|x64.ActiveCfg = Release|iPhoneSimulator
		{69209AB9-A833-4DE1-87F3-F07979BBAED4}.Release|x64.Build.0 = Release|iPhoneSimulator
		{69209AB9-A833-4DE1-87F3-F07979BBAED4}.Release|x64.Deploy.0 = Release|iPhoneSimulator
		{69209AB9-A833-4DE1-87F3-F07979BBAED4}.Release|x86.ActiveCfg = Release|iPhoneSimulator
		{69209AB9-A833-4DE1-87F3-F07979BBAED4}.Release|x86.Build.0 = Release|iPhoneSimulator
		{69209AB9-A833-4DE1-87F3-F07979BBAED4}.Release|x86.Deploy.0 = Release|iPhoneSimulator
		{AEC5B1CA-91DA-419E-AA48-8F51CC2F4F6C}.Debug|Any CPU.ActiveCfg = Debug|Any CPU
		{AEC5B1CA-91DA-419E-AA48-8F51CC2F4F6C}.Debug|Any CPU.Build.0 = Debug|Any CPU
		{AEC5B1CA-91DA-419E-AA48-8F51CC2F4F6C}.Debug|Any CPU.Deploy.0 = Debug|Any CPU
		{AEC5B1CA-91DA-419E-AA48-8F51CC2F4F6C}.Debug|ARM.ActiveCfg = Debug|Any CPU
		{AEC5B1CA-91DA-419E-AA48-8F51CC2F4F6C}.Debug|ARM.Build.0 = Debug|Any CPU
		{AEC5B1CA-91DA-419E-AA48-8F51CC2F4F6C}.Debug|ARM.Deploy.0 = Debug|Any CPU
		{AEC5B1CA-91DA-419E-AA48-8F51CC2F4F6C}.Debug|iPhone.ActiveCfg = Debug|Any CPU
		{AEC5B1CA-91DA-419E-AA48-8F51CC2F4F6C}.Debug|iPhone.Build.0 = Debug|Any CPU
		{AEC5B1CA-91DA-419E-AA48-8F51CC2F4F6C}.Debug|iPhone.Deploy.0 = Debug|Any CPU
		{AEC5B1CA-91DA-419E-AA48-8F51CC2F4F6C}.Debug|iPhoneSimulator.ActiveCfg = Debug|Any CPU
		{AEC5B1CA-91DA-419E-AA48-8F51CC2F4F6C}.Debug|iPhoneSimulator.Build.0 = Debug|Any CPU
		{AEC5B1CA-91DA-419E-AA48-8F51CC2F4F6C}.Debug|iPhoneSimulator.Deploy.0 = Debug|Any CPU
		{AEC5B1CA-91DA-419E-AA48-8F51CC2F4F6C}.Debug|x64.ActiveCfg = Debug|Any CPU
		{AEC5B1CA-91DA-419E-AA48-8F51CC2F4F6C}.Debug|x64.Build.0 = Debug|Any CPU
		{AEC5B1CA-91DA-419E-AA48-8F51CC2F4F6C}.Debug|x64.Deploy.0 = Debug|Any CPU
		{AEC5B1CA-91DA-419E-AA48-8F51CC2F4F6C}.Debug|x86.ActiveCfg = Debug|Any CPU
		{AEC5B1CA-91DA-419E-AA48-8F51CC2F4F6C}.Debug|x86.Build.0 = Debug|Any CPU
		{AEC5B1CA-91DA-419E-AA48-8F51CC2F4F6C}.Debug|x86.Deploy.0 = Debug|Any CPU
		{AEC5B1CA-91DA-419E-AA48-8F51CC2F4F6C}.Release|Any CPU.ActiveCfg = Release|Any CPU
		{AEC5B1CA-91DA-419E-AA48-8F51CC2F4F6C}.Release|Any CPU.Build.0 = Release|Any CPU
		{AEC5B1CA-91DA-419E-AA48-8F51CC2F4F6C}.Release|Any CPU.Deploy.0 = Release|Any CPU
		{AEC5B1CA-91DA-419E-AA48-8F51CC2F4F6C}.Release|ARM.ActiveCfg = Release|Any CPU
		{AEC5B1CA-91DA-419E-AA48-8F51CC2F4F6C}.Release|ARM.Build.0 = Release|Any CPU
		{AEC5B1CA-91DA-419E-AA48-8F51CC2F4F6C}.Release|ARM.Deploy.0 = Release|Any CPU
		{AEC5B1CA-91DA-419E-AA48-8F51CC2F4F6C}.Release|iPhone.ActiveCfg = Release|Any CPU
		{AEC5B1CA-91DA-419E-AA48-8F51CC2F4F6C}.Release|iPhone.Build.0 = Release|Any CPU
		{AEC5B1CA-91DA-419E-AA48-8F51CC2F4F6C}.Release|iPhone.Deploy.0 = Release|Any CPU
		{AEC5B1CA-91DA-419E-AA48-8F51CC2F4F6C}.Release|iPhoneSimulator.ActiveCfg = Release|Any CPU
		{AEC5B1CA-91DA-419E-AA48-8F51CC2F4F6C}.Release|iPhoneSimulator.Build.0 = Release|Any CPU
		{AEC5B1CA-91DA-419E-AA48-8F51CC2F4F6C}.Release|iPhoneSimulator.Deploy.0 = Release|Any CPU
		{AEC5B1CA-91DA-419E-AA48-8F51CC2F4F6C}.Release|x64.ActiveCfg = Release|Any CPU
		{AEC5B1CA-91DA-419E-AA48-8F51CC2F4F6C}.Release|x64.Build.0 = Release|Any CPU
		{AEC5B1CA-91DA-419E-AA48-8F51CC2F4F6C}.Release|x64.Deploy.0 = Release|Any CPU
		{AEC5B1CA-91DA-419E-AA48-8F51CC2F4F6C}.Release|x86.ActiveCfg = Release|Any CPU
		{AEC5B1CA-91DA-419E-AA48-8F51CC2F4F6C}.Release|x86.Build.0 = Release|Any CPU
		{AEC5B1CA-91DA-419E-AA48-8F51CC2F4F6C}.Release|x86.Deploy.0 = Release|Any CPU
	EndGlobalSection
	GlobalSection(SolutionProperties) = preSolution
		HideSolutionNode = FALSE
	EndGlobalSection
	GlobalSection(ExtensibilityGlobals) = postSolution
		SolutionGuid = {6C3B2781-BEEC-4ACF-A8F3-F2095878E44C}
	EndGlobalSection
EndGlobal
